
Microsoft Visual Studio Solution File, Format Version 12.00
# Visual Studio Version 16
VisualStudioVersion = 16.0.34902.97
MinimumVisualStudioVersion = 10.0.40219.1
Project("{FAE04EC0-301F-11D3-BF4B-00C04F79EFBC}") = "Assignment3", "Assignment3\Assignment3.csproj", "{7CE217D0-1B0F-4146-8EE8-9EBD4D30E1F8}"
EndProject
Global
	GlobalSection(SolutionConfigurationPlatforms) = preSolution
		Debug|Any CPU = Debug|Any CPU
		Release|Any CPU = Release|Any CPU
	EndGlobalSection
	GlobalSection(ProjectConfigurationPlatforms) = postSolution
		{7CE217D0-1B0F-4146-8EE8-9EBD4D30E1F8}.Debug|Any CPU.ActiveCfg = Debug|Any CPU
		{7CE217D0-1B0F-4146-8EE8-9EBD4D30E1F8}.Debug|Any CPU.Build.0 = Debug|Any CPU
		{7CE217D0-1B0F-4146-8EE8-9EBD4D30E1F8}.Release|Any CPU.ActiveCfg = Release|Any CPU
		{7CE217D0-1B0F-4146-8EE8-9EBD4D30E1F8}.Release|Any CPU.Build.0 = Release|Any CPU
	EndGlobalSection
	GlobalSection(SolutionProperties) = preSolution
		HideSolutionNode = FALSE
	EndGlobalSection
	GlobalSection(ExtensibilityGlobals) = postSolution
		SolutionGuid = {A9F638A7-FD9D-446A-94AF-7DAC725DBC75}
	EndGlobalSection
EndGlobal
