
Microsoft Visual Studio Solution File, Format Version 12.00
# Visual Studio Version 16
VisualStudioVersion = 16.0.34902.97
MinimumVisualStudioVersion = 10.0.40219.1
Project("{FAE04EC0-301F-11D3-BF4B-00C04F79EFBC}") = "CC1", "CC1\CC1.csproj", "{00D97C12-F027-4978-9AD5-0F34E017A333}"
EndProject
Global
	GlobalSection(SolutionConfigurationPlatforms) = preSolution
		Debug|Any CPU = Debug|Any CPU
		Release|Any CPU = Release|Any CPU
	EndGlobalSection
	GlobalSection(ProjectConfigurationPlatforms) = postSolution
		{00D97C12-F027-4978-9AD5-0F34E017A333}.Debug|Any CPU.ActiveCfg = Debug|Any CPU
		{00D97C12-F027-4978-9AD5-0F34E017A333}.Debug|Any CPU.Build.0 = Debug|Any CPU
		{00D97C12-F027-4978-9AD5-0F34E017A333}.Release|Any CPU.ActiveCfg = Release|Any CPU
		{00D97C12-F027-4978-9AD5-0F34E017A333}.Release|Any CPU.Build.0 = Release|Any CPU
	EndGlobalSection
	GlobalSection(SolutionProperties) = preSolution
		HideSolutionNode = FALSE
	EndGlobalSection
	GlobalSection(ExtensibilityGlobals) = postSolution
		SolutionGuid = {272CA180-1546-4B17-B423-C8CB9654C463}
	EndGlobalSection
EndGlobal
