
Microsoft Visual Studio Solution File, Format Version 12.00
# Visual Studio Version 16
VisualStudioVersion = 16.0.34902.97
MinimumVisualStudioVersion = 10.0.40219.1
Project("{FAE04EC0-301F-11D3-BF4B-00C04F79EFBC}") = "Assignment2", "Assignment2\Assignment2.csproj", "{FA85DB86-4785-4AC9-A6EE-9A8DBC844E9E}"
EndProject
Global
	GlobalSection(SolutionConfigurationPlatforms) = preSolution
		Debug|Any CPU = Debug|Any CPU
		Release|Any CPU = Release|Any CPU
	EndGlobalSection
	GlobalSection(ProjectConfigurationPlatforms) = postSolution
		{FA85DB86-4785-4AC9-A6EE-9A8DBC844E9E}.Debug|Any CPU.ActiveCfg = Debug|Any CPU
		{FA85DB86-4785-4AC9-A6EE-9A8DBC844E9E}.Debug|Any CPU.Build.0 = Debug|Any CPU
		{FA85DB86-4785-4AC9-A6EE-9A8DBC844E9E}.Release|Any CPU.ActiveCfg = Release|Any CPU
		{FA85DB86-4785-4AC9-A6EE-9A8DBC844E9E}.Release|Any CPU.Build.0 = Release|Any CPU
	EndGlobalSection
	GlobalSection(SolutionProperties) = preSolution
		HideSolutionNode = FALSE
	EndGlobalSection
	GlobalSection(ExtensibilityGlobals) = postSolution
		SolutionGuid = {90D6A97A-5069-49C4-8DAE-7083D4366078}
	EndGlobalSection
EndGlobal
