
Microsoft Visual Studio Solution File, Format Version 12.00
# Visual Studio Version 16
VisualStudioVersion = 16.0.34902.97
MinimumVisualStudioVersion = 10.0.40219.1
Project("{FAE04EC0-301F-11D3-BF4B-00C04F79EFBC}") = "day4_dotnet", "day4_dotnet\day4_dotnet.csproj", "{1391A367-A8F8-46AD-B960-F066BD01FB53}"
EndProject
Project("{FAE04EC0-301F-11D3-BF4B-00C04F79EFBC}") = "day4_dotnet_2", "day4_dotnet_2\day4_dotnet_2.csproj", "{83E5A446-AE25-4B28-9DB8-329E100492B8}"
EndProject
Global
	GlobalSection(SolutionConfigurationPlatforms) = preSolution
		Debug|Any CPU = Debug|Any CPU
		Release|Any CPU = Release|Any CPU
	EndGlobalSection
	GlobalSection(ProjectConfigurationPlatforms) = postSolution
		{1391A367-A8F8-46AD-B960-F066BD01FB53}.Debug|Any CPU.ActiveCfg = Debug|Any CPU
		{1391A367-A8F8-46AD-B960-F066BD01FB53}.Debug|Any CPU.Build.0 = Debug|Any CPU
		{1391A367-A8F8-46AD-B960-F066BD01FB53}.Release|Any CPU.ActiveCfg = Release|Any CPU
		{1391A367-A8F8-46AD-B960-F066BD01FB53}.Release|Any CPU.Build.0 = Release|Any CPU
		{83E5A446-AE25-4B28-9DB8-329E100492B8}.Debug|Any CPU.ActiveCfg = Debug|Any CPU
		{83E5A446-AE25-4B28-9DB8-329E100492B8}.Debug|Any CPU.Build.0 = Debug|Any CPU
		{83E5A446-AE25-4B28-9DB8-329E100492B8}.Release|Any CPU.ActiveCfg = Release|Any CPU
		{83E5A446-AE25-4B28-9DB8-329E100492B8}.Release|Any CPU.Build.0 = Release|Any CPU
	EndGlobalSection
	GlobalSection(SolutionProperties) = preSolution
		HideSolutionNode = FALSE
	EndGlobalSection
	GlobalSection(ExtensibilityGlobals) = postSolution
		SolutionGuid = {B788251A-F459-4C93-9D59-65882172FE73}
	EndGlobalSection
EndGlobal
